// !$*UTF8*$!
{
	archiveVersion = 1;
	classes = {
	};
	objectVersion = 50;
	objects = {

/* Begin PBXBuildFile section */
		B4C7BF8A20F572FF003BB985 /* AppDelegate.swift in Sources */ = {isa = PBXBuildFile; fileRef = B4C7BF8920F572FF003BB985 /* AppDelegate.swift */; };
		B4C7BF8C20F572FF003BB985 /* ViewController.swift in Sources */ = {isa = PBXBuildFile; fileRef = B4C7BF8B20F572FF003BB985 /* ViewController.swift */; };
		B4C7BF8F20F572FF003BB985 /* Main.storyboard in Resources */ = {isa = PBXBuildFile; fileRef = B4C7BF8D20F572FF003BB985 /* Main.storyboard */; };
		B4C7BF9120F57300003BB985 /* Assets.xcassets in Resources */ = {isa = PBXBuildFile; fileRef = B4C7BF9020F57300003BB985 /* Assets.xcassets */; };
		B4C7BF9420F57300003BB985 /* LaunchScreen.storyboard in Resources */ = {isa = PBXBuildFile; fileRef = B4C7BF9220F57300003BB985 /* LaunchScreen.storyboard */; };
		B4C7BF9F20F57300003BB985 /* TipCalculatorTests.swift in Sources */ = {isa = PBXBuildFile; fileRef = B4C7BF9E20F57300003BB985 /* TipCalculatorTests.swift */; };
		B4C7BFAA20F57300003BB985 /* TipCalculatorUITests.swift in Sources */ = {isa = PBXBuildFile; fileRef = B4C7BFA920F57300003BB985 /* TipCalculatorUITests.swift */; };
/* End PBXBuildFile section */

/* Begin PBXContainerItemProxy section */
		B4C7BF9B20F57300003BB985 /* PBXContainerItemProxy */ = {
			isa = PBXContainerItemProxy;
			containerPortal = B4C7BF7E20F572FF003BB985 /* Project object */;
			proxyType = 1;
			remoteGlobalIDString = B4C7BF8520F572FF003BB985;
			remoteInfo = TipCalculator;
		};
		B4C7BFA620F57300003BB985 /* PBXContainerItemProxy */ = {
			isa = PBXContainerItemProxy;
			containerPortal = B4C7BF7E20F572FF003BB985 /* Project object */;
			proxyType = 1;
			remoteGlobalIDString = B4C7BF8520F572FF003BB985;
			remoteInfo = TipCalculator;
		};
/* End PBXContainerItemProxy section */

/* Begin PBXFileReference section */
		B4C7BF8620F572FF003BB985 /* TipCalculator.app */ = {isa = PBXFileReference; explicitFileType = wrapper.application; includeInIndex = 0; path = TipCalculator.app; sourceTree = BUILT_PRODUCTS_DIR; };
		B4C7BF8920F572FF003BB985 /* AppDelegate.swift */ = {isa = PBXFileReference; lastKnownFileType = sourcecode.swift; path = AppDelegate.swift; sourceTree = "<group>"; };
		B4C7BF8B20F572FF003BB985 /* ViewController.swift */ = {isa = PBXFileReference; lastKnownFileType = sourcecode.swift; path = ViewController.swift; sourceTree = "<group>"; };
		B4C7BF8E20F572FF003BB985 /* Base */ = {isa = PBXFileReference; lastKnownFileType = file.storyboard; name = Base; path = Base.lproj/Main.storyboard; sourceTree = "<group>"; };
		B4C7BF9020F57300003BB985 /* Assets.xcassets */ = {isa = PBXFileReference; lastKnownFileType = folder.assetcatalog; path = Assets.xcassets; sourceTree = "<group>"; };
		B4C7BF9320F57300003BB985 /* Base */ = {isa = PBXFileReference; lastKnownFileType = file.storyboard; name = Base; path = Base.lproj/LaunchScreen.storyboard; sourceTree = "<group>"; };
		B4C7BF9520F57300003BB985 /* Info.plist */ = {isa = PBXFileReference; lastKnownFileType = text.plist.xml; path = Info.plist; sourceTree = "<group>"; };
		B4C7BF9A20F57300003BB985 /* TipCalculatorTests.xctest */ = {isa = PBXFileReference; explicitFileType = wrapper.cfbundle; includeInIndex = 0; path = TipCalculatorTests.xctest; sourceTree = BUILT_PRODUCTS_DIR; };
		B4C7BF9E20F57300003BB985 /* TipCalculatorTests.swift */ = {isa = PBXFileReference; lastKnownFileType = sourcecode.swift; path = TipCalculatorTests.swift; sourceTree = "<group>"; };
		B4C7BFA020F57300003BB985 /* Info.plist */ = {isa = PBXFileReference; lastKnownFileType = text.plist.xml; path = Info.plist; sourceTree = "<group>"; };
		B4C7BFA520F57300003BB985 /* TipCalculatorUITests.xctest */ = {isa = PBXFileReference; explicitFileType = wrapper.cfbundle; includeInIndex = 0; path = TipCalculatorUITests.xctest; sourceTree = BUILT_PRODUCTS_DIR; };
		B4C7BFA920F57300003BB985 /* TipCalculatorUITests.swift */ = {isa = PBXFileReference; lastKnownFileType = sourcecode.swift; path = TipCalculatorUITests.swift; sourceTree = "<group>"; };
		B4C7BFAB20F57300003BB985 /* Info.plist */ = {isa = PBXFileReference; lastKnownFileType = text.plist.xml; path = Info.plist; sourceTree = "<group>"; };
/* End PBXFileReference section */

/* Begin PBXFrameworksBuildPhase section */
		B4C7BF8320F572FF003BB985 /* Frameworks */ = {
			isa = PBXFrameworksBuildPhase;
			buildActionMask = 2147483647;
			files = (
			);
			runOnlyForDeploymentPostprocessing = 0;
		};
		B4C7BF9720F57300003BB985 /* Frameworks */ = {
			isa = PBXFrameworksBuildPhase;
			buildActionMask = 2147483647;
			files = (
			);
			runOnlyForDeploymentPostprocessing = 0;
		};
		B4C7BFA220F57300003BB985 /* Frameworks */ = {
			isa = PBXFrameworksBuildPhase;
			buildActionMask = 2147483647;
			files = (
			);
			runOnlyForDeploymentPostprocessing = 0;
		};
/* End PBXFrameworksBuildPhase section */

/* Begin PBXGroup section */
		B4C7BF7D20F572FF003BB985 = {
			isa = PBXGroup;
			children = (
				B4C7BF8820F572FF003BB985 /* TipCalculator */,
				B4C7BF9D20F57300003BB985 /* TipCalculatorTests */,
				B4C7BFA820F57300003BB985 /* TipCalculatorUITests */,
				B4C7BF8720F572FF003BB985 /* Products */,
			);
			sourceTree = "<group>";
		};
		B4C7BF8720F572FF003BB985 /* Products */ = {
			isa = PBXGroup;
			children = (
				B4C7BF8620F572FF003BB985 /* TipCalculator.app */,
				B4C7BF9A20F57300003BB985 /* TipCalculatorTests.xctest */,
				B4C7BFA520F57300003BB985 /* TipCalculatorUITests.xctest */,
			);
			name = Products;
			sourceTree = "<group>";
		};
		B4C7BF8820F572FF003BB985 /* TipCalculator */ = {
			isa = PBXGroup;
			children = (
				B4C7BF8920F572FF003BB985 /* AppDelegate.swift */,
				B4C7BF8B20F572FF003BB985 /* ViewController.swift */,
				B4C7BF8D20F572FF003BB985 /* Main.storyboard */,
				B4C7BF9020F57300003BB985 /* Assets.xcassets */,
				B4C7BF9220F57300003BB985 /* LaunchScreen.storyboard */,
				B4C7BF9520F57300003BB985 /* Info.plist */,
			);
			path = TipCalculator;
			sourceTree = "<group>";
		};
		B4C7BF9D20F57300003BB985 /* TipCalculatorTests */ = {
			isa = PBXGroup;
			children = (
				B4C7BF9E20F57300003BB985 /* TipCalculatorTests.swift */,
				B4C7BFA020F57300003BB985 /* Info.plist */,
			);
			path = TipCalculatorTests;
			sourceTree = "<group>";
		};
		B4C7BFA820F57300003BB985 /* TipCalculatorUITests */ = {
			isa = PBXGroup;
			children = (
				B4C7BFA920F57300003BB985 /* TipCalculatorUITests.swift */,
				B4C7BFAB20F57300003BB985 /* Info.plist */,
			);
			path = TipCalculatorUITests;
			sourceTree = "<group>";
		};
/* End PBXGroup section */

/* Begin PBXNativeTarget section */
		B4C7BF8520F572FF003BB985 /* TipCalculator */ = {
			isa = PBXNativeTarget;
			buildConfigurationList = B4C7BFAE20F57300003BB985 /* Build configuration list for PBXNativeTarget "TipCalculator" */;
			buildPhases = (
				B4C7BF8220F572FF003BB985 /* Sources */,
				B4C7BF8320F572FF003BB985 /* Frameworks */,
				B4C7BF8420F572FF003BB985 /* Resources */,
			);
			buildRules = (
			);
			dependencies = (
			);
			name = TipCalculator;
			productName = TipCalculator;
			productReference = B4C7BF8620F572FF003BB985 /* TipCalculator.app */;
			productType = "com.apple.product-type.application";
		};
		B4C7BF9920F57300003BB985 /* TipCalculatorTests */ = {
			isa = PBXNativeTarget;
			buildConfigurationList = B4C7BFB120F57300003BB985 /* Build configuration list for PBXNativeTarget "TipCalculatorTests" */;
			buildPhases = (
				B4C7BF9620F57300003BB985 /* Sources */,
				B4C7BF9720F57300003BB985 /* Frameworks */,
				B4C7BF9820F57300003BB985 /* Resources */,
			);
			buildRules = (
			);
			dependencies = (
				B4C7BF9C20F57300003BB985 /* PBXTargetDependency */,
			);
			name = TipCalculatorTests;
			productName = TipCalculatorTests;
			productReference = B4C7BF9A20F57300003BB985 /* TipCalculatorTests.xctest */;
			productType = "com.apple.product-type.bundle.unit-test";
		};
		B4C7BFA420F57300003BB985 /* TipCalculatorUITests */ = {
			isa = PBXNativeTarget;
			buildConfigurationList = B4C7BFB420F57300003BB985 /* Build configuration list for PBXNativeTarget "TipCalculatorUITests" */;
			buildPhases = (
				B4C7BFA120F57300003BB985 /* Sources */,
				B4C7BFA220F57300003BB985 /* Frameworks */,
				B4C7BFA320F57300003BB985 /* Resources */,
			);
			buildRules = (
			);
			dependencies = (
				B4C7BFA720F57300003BB985 /* PBXTargetDependency */,
			);
			name = TipCalculatorUITests;
			productName = TipCalculatorUITests;
			productReference = B4C7BFA520F57300003BB985 /* TipCalculatorUITests.xctest */;
			productType = "com.apple.product-type.bundle.ui-testing";
		};
/* End PBXNativeTarget section */

/* Begin PBXProject section */
		B4C7BF7E20F572FF003BB985 /* Project object */ = {
			isa = PBXProject;
			attributes = {
				LastSwiftUpdateCheck = 0940;
				LastUpgradeCheck = 0940;
				ORGANIZATIONNAME = "Ioanna Deni";
				TargetAttributes = {
					B4C7BF8520F572FF003BB985 = {
						CreatedOnToolsVersion = 9.4.1;
					};
					B4C7BF9920F57300003BB985 = {
						CreatedOnToolsVersion = 9.4.1;
						TestTargetID = B4C7BF8520F572FF003BB985;
					};
					B4C7BFA420F57300003BB985 = {
						CreatedOnToolsVersion = 9.4.1;
						TestTargetID = B4C7BF8520F572FF003BB985;
					};
				};
			};
			buildConfigurationList = B4C7BF8120F572FF003BB985 /* Build configuration list for PBXProject "TipCalculator" */;
			compatibilityVersion = "Xcode 9.3";
			developmentRegion = en;
			hasScannedForEncodings = 0;
			knownRegions = (
				en,
				Base,
			);
			mainGroup = B4C7BF7D20F572FF003BB985;
			productRefGroup = B4C7BF8720F572FF003BB985 /* Products */;
			projectDirPath = "";
			projectRoot = "";
			targets = (
				B4C7BF8520F572FF003BB985 /* TipCalculator */,
				B4C7BF9920F57300003BB985 /* TipCalculatorTests */,
				B4C7BFA420F57300003BB985 /* TipCalculatorUITests */,
			);
		};
/* End PBXProject section */

/* Begin PBXResourcesBuildPhase section */
		B4C7BF8420F572FF003BB985 /* Resources */ = {
			isa = PBXResourcesBuildPhase;
			buildActionMask = 2147483647;
			files = (
				B4C7BF9420F57300003BB985 /* LaunchScreen.storyboard in Resources */,
				B4C7BF9120F57300003BB985 /* Assets.xcassets in Resources */,
				B4C7BF8F20F572FF003BB985 /* Main.storyboard in Resources */,
			);
			runOnlyForDeploymentPostprocessing = 0;
		};
		B4C7BF9820F57300003BB985 /* Resources */ = {
			isa = PBXResourcesBuildPhase;
			buildActionMask = 2147483647;
			files = (
			);
			runOnlyForDeploymentPostprocessing = 0;
		};
		B4C7BFA320F57300003BB985 /* Resources */ = {
			isa = PBXResourcesBuildPhase;
			buildActionMask = 2147483647;
			files = (
			);
			runOnlyForDeploymentPostprocessing = 0;
		};
/* End PBXResourcesBuildPhase section */

/* Begin PBXSourcesBuildPhase section */
		B4C7BF8220F572FF003BB985 /* Sources */ = {
			isa = PBXSourcesBuildPhase;
			buildActionMask = 2147483647;
			files = (
				B4C7BF8C20F572FF003BB985 /* ViewController.swift in Sources */,
				B4C7BF8A20F572FF003BB985 /* AppDelegate.swift in Sources */,
			);
			runOnlyForDeploymentPostprocessing = 0;
		};
		B4C7BF9620F57300003BB985 /* Sources */ = {
			isa = PBXSourcesBuildPhase;
			buildActionMask = 2147483647;
			files = (
				B4C7BF9F20F57300003BB985 /* TipCalculatorTests.swift in Sources */,
			);
			runOnlyForDeploymentPostprocessing = 0;
		};
		B4C7BFA120F57300003BB985 /* Sources */ = {
			isa = PBXSourcesBuildPhase;
			buildActionMask = 2147483647;
			files = (
				B4C7BFAA20F57300003BB985 /* TipCalculatorUITests.swift in Sources */,
			);
			runOnlyForDeploymentPostprocessing = 0;
		};
/* End PBXSourcesBuildPhase section */

/* Begin PBXTargetDependency section */
		B4C7BF9C20F57300003BB985 /* PBXTargetDependency */ = {
			isa = PBXTargetDependency;
			target = B4C7BF8520F572FF003BB985 /* TipCalculator */;
			targetProxy = B4C7BF9B20F57300003BB985 /* PBXContainerItemProxy */;
		};
		B4C7BFA720F57300003BB985 /* PBXTargetDependency */ = {
			isa = PBXTargetDependency;
			target = B4C7BF8520F572FF003BB985 /* TipCalculator */;
			targetProxy = B4C7BFA620F57300003BB985 /* PBXContainerItemProxy */;
		};
/* End PBXTargetDependency section */

/* Begin PBXVariantGroup section */
		B4C7BF8D20F572FF003BB985 /* Main.storyboard */ = {
			isa = PBXVariantGroup;
			children = (
				B4C7BF8E20F572FF003BB985 /* Base */,
			);
			name = Main.storyboard;
			sourceTree = "<group>";
		};
		B4C7BF9220F57300003BB985 /* LaunchScreen.storyboard */ = {
			isa = PBXVariantGroup;
			children = (
				B4C7BF9320F57300003BB985 /* Base */,
			);
			name = LaunchScreen.storyboard;
			sourceTree = "<group>";
		};
/* End PBXVariantGroup section */

/* Begin XCBuildConfiguration section */
		B4C7BFAC20F57300003BB985 /* Debug */ = {
			isa = XCBuildConfiguration;
			buildSettings = {
				ALWAYS_SEARCH_USER_PATHS = NO;
				CLANG_ANALYZER_NONNULL = YES;
				CLANG_ANALYZER_NUMBER_OBJECT_CONVERSION = YES_AGGRESSIVE;
				CLANG_CXX_LANGUAGE_STANDARD = "gnu++14";
				CLANG_CXX_LIBRARY = "libc++";
				CLANG_ENABLE_MODULES = YES;
				CLANG_ENABLE_OBJC_ARC = YES;
				CLANG_ENABLE_OBJC_WEAK = YES;
				CLANG_WARN_BLOCK_CAPTURE_AUTORELEASING = YES;
				CLANG_WARN_BOOL_CONVERSION = YES;
				CLANG_WARN_COMMA = YES;
				CLANG_WARN_CONSTANT_CONVERSION = YES;
				CLANG_WARN_DEPRECATED_OBJC_IMPLEMENTATIONS = YES;
				CLANG_WARN_DIRECT_OBJC_ISA_USAGE = YES_ERROR;
				CLANG_WARN_DOCUMENTATION_COMMENTS = YES;
				CLANG_WARN_EMPTY_BODY = YES;
				CLANG_WARN_ENUM_CONVERSION = YES;
				CLANG_WARN_INFINITE_RECURSION = YES;
				CLANG_WARN_INT_CONVERSION = YES;
				CLANG_WARN_NON_LITERAL_NULL_CONVERSION = YES;
				CLANG_WARN_OBJC_IMPLICIT_RETAIN_SELF = YES;
				CLANG_WARN_OBJC_LITERAL_CONVERSION = YES;
				CLANG_WARN_OBJC_ROOT_CLASS = YES_ERROR;
				CLANG_WARN_RANGE_LOOP_ANALYSIS = YES;
				CLANG_WARN_STRICT_PROTOTYPES = YES;
				CLANG_WARN_SUSPICIOUS_MOVE = YES;
				CLANG_WARN_UNGUARDED_AVAILABILITY = YES_AGGRESSIVE;
				CLANG_WARN_UNREACHABLE_CODE = YES;
				CLANG_WARN__DUPLICATE_METHOD_MATCH = YES;
				CODE_SIGN_IDENTITY = "iPhone Developer";
				COPY_PHASE_STRIP = NO;
				DEBUG_INFORMATION_FORMAT = dwarf;
				ENABLE_STRICT_OBJC_MSGSEND = YES;
				ENABLE_TESTABILITY = YES;
				GCC_C_LANGUAGE_STANDARD = gnu11;
				GCC_DYNAMIC_NO_PIC = NO;
				GCC_NO_COMMON_BLOCKS = YES;
				GCC_OPTIMIZATION_LEVEL = 0;
				GCC_PREPROCESSOR_DEFINITIONS = (
					"DEBUG=1",
					"$(inherited)",
				);
				GCC_WARN_64_TO_32_BIT_CONVERSION = YES;
				GCC_WARN_ABOUT_RETURN_TYPE = YES_ERROR;
				GCC_WARN_UNDECLARED_SELECTOR = YES;
				GCC_WARN_UNINITIALIZED_AUTOS = YES_AGGRESSIVE;
				GCC_WARN_UNUSED_FUNCTION = YES;
				GCC_WARN_UNUSED_VARIABLE = YES;
				IPHONEOS_DEPLOYMENT_TARGET = 11.4;
				MTL_ENABLE_DEBUG_INFO = YES;
				ONLY_ACTIVE_ARCH = YES;
				SDKROOT = iphoneos;
				SWIFT_ACTIVE_COMPILATION_CONDITIONS = DEBUG;
				SWIFT_OPTIMIZATION_LEVEL = "-Onone";
			};
			name = Debug;
		};
		B4C7BFAD20F57300003BB985 /* Release */ = {
			isa = XCBuildConfiguration;
			buildSettings = {
				ALWAYS_SEARCH_USER_PATHS = NO;
				CLANG_ANALYZER_NONNULL = YES;
				CLANG_ANALYZER_NUMBER_OBJECT_CONVERSION = YES_AGGRESSIVE;
				CLANG_CXX_LANGUAGE_STANDARD = "gnu++14";
				CLANG_CXX_LIBRARY = "libc++";
				CLANG_ENABLE_MODULES = YES;
				CLANG_ENABLE_OBJC_ARC = YES;
				CLANG_ENABLE_OBJC_WEAK = YES;
				CLANG_WARN_BLOCK_CAPTURE_AUTORELEASING = YES;
				CLANG_WARN_BOOL_CONVERSION = YES;
				CLANG_WARN_COMMA = YES;
				CLANG_WARN_CONSTANT_CONVERSION = YES;
				CLANG_WARN_DEPRECATED_OBJC_IMPLEMENTATIONS = YES;
				CLANG_WARN_DIRECT_OBJC_ISA_USAGE = YES_ERROR;
				CLANG_WARN_DOCUMENTATION_COMMENTS = YES;
				CLANG_WARN_EMPTY_BODY = YES;
				CLANG_WARN_ENUM_CONVERSION = YES;
				CLANG_WARN_INFINITE_RECURSION = YES;
				CLANG_WARN_INT_CONVERSION = YES;
				CLANG_WARN_NON_LITERAL_NULL_CONVERSION = YES;
				CLANG_WARN_OBJC_IMPLICIT_RETAIN_SELF = YES;
				CLANG_WARN_OBJC_LITERAL_CONVERSION = YES;
				CLANG_WARN_OBJC_ROOT_CLASS = YES_ERROR;
				CLANG_WARN_RANGE_LOOP_ANALYSIS = YES;
				CLANG_WARN_STRICT_PROTOTYPES = YES;
				CLANG_WARN_SUSPICIOUS_MOVE = YES;
				CLANG_WARN_UNGUARDED_AVAILABILITY = YES_AGGRESSIVE;
				CLANG_WARN_UNREACHABLE_CODE = YES;
				CLANG_WARN__DUPLICATE_METHOD_MATCH = YES;
				CODE_SIGN_IDENTITY = "iPhone Developer";
				COPY_PHASE_STRIP = NO;
				DEBUG_INFORMATION_FORMAT = "dwarf-with-dsym";
				ENABLE_NS_ASSERTIONS = NO;
				ENABLE_STRICT_OBJC_MSGSEND = YES;
				GCC_C_LANGUAGE_STANDARD = gnu11;
				GCC_NO_COMMON_BLOCKS = YES;
				GCC_WARN_64_TO_32_BIT_CONVERSION = YES;
				GCC_WARN_ABOUT_RETURN_TYPE = YES_ERROR;
				GCC_WARN_UNDECLARED_SELECTOR = YES;
				GCC_WARN_UNINITIALIZED_AUTOS = YES_AGGRESSIVE;
				GCC_WARN_UNUSED_FUNCTION = YES;
				GCC_WARN_UNUSED_VARIABLE = YES;
				IPHONEOS_DEPLOYMENT_TARGET = 11.4;
				MTL_ENABLE_DEBUG_INFO = NO;
				SDKROOT = iphoneos;
				SWIFT_COMPILATION_MODE = wholemodule;
				SWIFT_OPTIMIZATION_LEVEL = "-O";
				VALIDATE_PRODUCT = YES;
			};
			name = Release;
		};
		B4C7BFAF20F57300003BB985 /* Debug */ = {
			isa = XCBuildConfiguration;
			buildSettings = {
				ASSETCATALOG_COMPILER_APPICON_NAME = AppIcon;
				CODE_SIGN_STYLE = Automatic;
				INFOPLIST_FILE = TipCalculator/Info.plist;
				LD_RUNPATH_SEARCH_PATHS = (
					"$(inherited)",
					"@executable_path/Frameworks",
				);
				PRODUCT_BUNDLE_IDENTIFIER = CodePathMountHolyoke.TipCalculator;
				PRODUCT_NAME = "$(TARGET_NAME)";
				SWIFT_VERSION = 4.0;
				TARGETED_DEVICE_FAMILY = "1,2";
			};
			name = Debug;
		};
		B4C7BFB020F57300003BB985 /* Release */ = {
			isa = XCBuildConfiguration;
			buildSettings = {
				ASSETCATALOG_COMPILER_APPICON_NAME = AppIcon;
				CODE_SIGN_STYLE = Automatic;
				INFOPLIST_FILE = TipCalculator/Info.plist;
				LD_RUNPATH_SEARCH_PATHS = (
					"$(inherited)",
					"@executable_path/Frameworks",
				);
				PRODUCT_BUNDLE_IDENTIFIER = CodePathMountHolyoke.TipCalculator;
				PRODUCT_NAME = "$(TARGET_NAME)";
				SWIFT_VERSION = 4.0;
				TARGETED_DEVICE_FAMILY = "1,2";
			};
			name = Release;
		};
		B4C7BFB220F57300003BB985 /* Debug */ = {
			isa = XCBuildConfiguration;
			buildSettings = {
				ALWAYS_EMBED_SWIFT_STANDARD_LIBRARIES = YES;
				BUNDLE_LOADER = "$(TEST_HOST)";
				CODE_SIGN_STYLE = Automatic;
				INFOPLIST_FILE = TipCalculatorTests/Info.plist;
				LD_RUNPATH_SEARCH_PATHS = (
					"$(inherited)",
					"@executable_path/Frameworks",
					"@loader_path/Frameworks",
				);
				PRODUCT_BUNDLE_IDENTIFIER = CodePathMountHolyoke.TipCalculatorTests;
				PRODUCT_NAME = "$(TARGET_NAME)";
				SWIFT_VERSION = 4.0;
				TARGETED_DEVICE_FAMILY = "1,2";
				TEST_HOST = "$(BUILT_PRODUCTS_DIR)/TipCalculator.app/TipCalculator";
			};
			name = Debug;
		};
		B4C7BFB320F57300003BB985 /* Release */ = {
			isa = XCBuildConfiguration;
			buildSettings = {
				ALWAYS_EMBED_SWIFT_STANDARD_LIBRARIES = YES;
				BUNDLE_LOADER = "$(TEST_HOST)";
				CODE_SIGN_STYLE = Automatic;
				INFOPLIST_FILE = TipCalculatorTests/Info.plist;
				LD_RUNPATH_SEARCH_PATHS = (
					"$(inherited)",
					"@executable_path/Frameworks",
					"@loader_path/Frameworks",
				);
				PRODUCT_BUNDLE_IDENTIFIER = CodePathMountHolyoke.TipCalculatorTests;
				PRODUCT_NAME = "$(TARGET_NAME)";
				SWIFT_VERSION = 4.0;
				TARGETED_DEVICE_FAMILY = "1,2";
				TEST_HOST = "$(BUILT_PRODUCTS_DIR)/TipCalculator.app/TipCalculator";
			};
			name = Release;
		};
		B4C7BFB520F57300003BB985 /* Debug */ = {
			isa = XCBuildConfiguration;
			buildSettings = {
				ALWAYS_EMBED_SWIFT_STANDARD_LIBRARIES = YES;
				CODE_SIGN_STYLE = Automatic;
				INFOPLIST_FILE = TipCalculatorUITests/Info.plist;
				LD_RUNPATH_SEARCH_PATHS = (
					"$(inherited)",
					"@executable_path/Frameworks",
					"@loader_path/Frameworks",
				);
				PRODUCT_BUNDLE_IDENTIFIER = CodePathMountHolyoke.TipCalculatorUITests;
				PRODUCT_NAME = "$(TARGET_NAME)";
				SWIFT_VERSION = 4.0;
				TARGETED_DEVICE_FAMILY = "1,2";
				TEST_TARGET_NAME = TipCalculator;
			};
			name = Debug;
		};
		B4C7BFB620F57300003BB985 /* Release */ = {
			isa = XCBuildConfiguration;
			buildSettings = {
				ALWAYS_EMBED_SWIFT_STANDARD_LIBRARIES = YES;
				CODE_SIGN_STYLE = Automatic;
				INFOPLIST_FILE = TipCalculatorUITests/Info.plist;
				LD_RUNPATH_SEARCH_PATHS = (
					"$(inherited)",
					"@executable_path/Frameworks",
					"@loader_path/Frameworks",
				);
				PRODUCT_BUNDLE_IDENTIFIER = CodePathMountHolyoke.TipCalculatorUITests;
				PRODUCT_NAME = "$(TARGET_NAME)";
				SWIFT_VERSION = 4.0;
				TARGETED_DEVICE_FAMILY = "1,2";
				TEST_TARGET_NAME = TipCalculator;
			};
			name = Release;
		};
/* End XCBuildConfiguration section */

/* Begin XCConfigurationList section */
		B4C7BF8120F572FF003BB985 /* Build configuration list for PBXProject "TipCalculator" */ = {
			isa = XCConfigurationList;
			buildConfigurations = (
				B4C7BFAC20F57300003BB985 /* Debug */,
				B4C7BFAD20F57300003BB985 /* Release */,
			);
			defaultConfigurationIsVisible = 0;
			defaultConfigurationName = Release;
		};
		B4C7BFAE20F57300003BB985 /* Build configuration list for PBXNativeTarget "TipCalculator" */ = {
			isa = XCConfigurationList;
			buildConfigurations = (
				B4C7BFAF20F57300003BB985 /* Debug */,
				B4C7BFB020F57300003BB985 /* Release */,
			);
			defaultConfigurationIsVisible = 0;
			defaultConfigurationName = Release;
		};
		B4C7BFB120F57300003BB985 /* Build configuration list for PBXNativeTarget "TipCalculatorTests" */ = {
			isa = XCConfigurationList;
			buildConfigurations = (
				B4C7BFB220F57300003BB985 /* Debug */,
				B4C7BFB320F57300003BB985 /* Release */,
			);
			defaultConfigurationIsVisible = 0;
			defaultConfigurationName = Release;
		};
		B4C7BFB420F57300003BB985 /* Build configuration list for PBXNativeTarget "TipCalculatorUITests" */ = {
			isa = XCConfigurationList;
			buildConfigurations = (
				B4C7BFB520F57300003BB985 /* Debug */,
				B4C7BFB620F57300003BB985 /* Release */,
			);
			defaultConfigurationIsVisible = 0;
			defaultConfigurationName = Release;
		};
/* End XCConfigurationList section */
	};
	rootObject = B4C7BF7E20F572FF003BB985 /* Project object */;
}
